
Microsoft Visual Studio Solution File, Format Version 12.00
# Visual Studio Version 16
VisualStudioVersion = 16.0.30011.22
MinimumVisualStudioVersion = 10.0.40219.1
Project("{FAE04EC0-301F-11D3-BF4B-00C04F79EFBC}") = "Message sender - Service Bus queues", "Message sender - Service Bus queues\Message sender - Service Bus queues.csproj", "{AB66A087-AC51-4285-A199-63E7BABAFFA7}"
EndProject
Global
	GlobalSection(SolutionConfigurationPlatforms) = preSolution
		Debug|Any CPU = Debug|Any CPU
		Release|Any CPU = Release|Any CPU
	EndGlobalSection
	GlobalSection(ProjectConfigurationPlatforms) = postSolution
		{AB66A087-AC51-4285-A199-63E7BABAFFA7}.Debug|Any CPU.ActiveCfg = Debug|Any CPU
		{AB66A087-AC51-4285-A199-63E7BABAFFA7}.Debug|Any CPU.Build.0 = Debug|Any CPU
		{AB66A087-AC51-4285-A199-63E7BABAFFA7}.Release|Any CPU.ActiveCfg = Release|Any CPU
		{AB66A087-AC51-4285-A199-63E7BABAFFA7}.Release|Any CPU.Build.0 = Release|Any CPU
	EndGlobalSection
	GlobalSection(SolutionProperties) = preSolution
		HideSolutionNode = FALSE
	EndGlobalSection
	GlobalSection(ExtensibilityGlobals) = postSolution
		SolutionGuid = {1FBA4A1F-800A-4C55-82BB-555832B2E2F6}
	EndGlobalSection
EndGlobal
